
Microsoft Visual Studio Solution File, Format Version 12.00
# Visual Studio Version 16
VisualStudioVersion = 16.0.29001.49
MinimumVisualStudioVersion = 10.0.40219.1
Project("{FAE04EC0-301F-11D3-BF4B-00C04F79EFBC}") = "ParallelProgramming.StartingTasks", "ParallelProgramming.ConsoleApp\ParallelProgramming.StartingTasks.csproj", "{5A833253-076C-4949-89F9-E4DADBAADD44}"
EndProject
Project("{FAE04EC0-301F-11D3-BF4B-00C04F79EFBC}") = "ParallelProgramming.CancellationToken", "ParallelProgramming.ConsoleApp2\ParallelProgramming.CancellationToken.csproj", "{18C48995-ECEE-476D-AC1D-2D25FECFE29D}"
EndProject
Project("{FAE04EC0-301F-11D3-BF4B-00C04F79EFBC}") = "ParallelProgramming.LinkedCancellationTokens", "ConsoleApp1\ParallelProgramming.LinkedCancellationTokens.csproj", "{F4A17C93-83CD-4383-9F81-E0CAB16601AA}"
EndProject
Project("{FAE04EC0-301F-11D3-BF4B-00C04F79EFBC}") = "ParallelProgramming.MoreCancelationTokens", "ConsoleApp2\ParallelProgramming.MoreCancelationTokens.csproj", "{35392881-7358-44C5-B048-738136591FAB}"
EndProject
Project("{FAE04EC0-301F-11D3-BF4B-00C04F79EFBC}") = "ParallelProgramming,WaitingForTasks", "ConsoleApp3\ParallelProgramming,WaitingForTasks.csproj", "{91811AA7-07E0-410D-9E13-86C11D8B23CA}"
EndProject
Project("{2150E333-8FDC-42A3-9474-1A3956D46DE8}") = "1", "1", "{458E496D-6F90-40B1-8EEF-129B6CC1665F}"
EndProject
Project("{FAE04EC0-301F-11D3-BF4B-00C04F79EFBC}") = "ParallelProgramming.HandlingExceptions", "ConsoleApp4\ParallelProgramming.HandlingExceptions.csproj", "{BE1F7289-317C-4080-85D7-B445AB722485}"
EndProject
Project("{2150E333-8FDC-42A3-9474-1A3956D46DE8}") = "2", "2", "{3A4E13D5-C6F9-4053-AF3A-87D469017854}"
EndProject
Project("{FAE04EC0-301F-11D3-BF4B-00C04F79EFBC}") = "ParallelProgramming.DataAccess", "ConsoleApp5\ParallelProgramming.DataAccess.csproj", "{70044484-93B9-437D-A7A6-7617E2F863CD}"
EndProject
Project("{FAE04EC0-301F-11D3-BF4B-00C04F79EFBC}") = "ParallelProgramming.LockRecursion", "ConsoleApp6\ParallelProgramming.LockRecursion.csproj", "{DBB566C2-624E-4B9A-810A-83BE8342EB7B}"
EndProject
Project("{FAE04EC0-301F-11D3-BF4B-00C04F79EFBC}") = "ParallelProgramming.Mutex1", "ParallelProgramming.Mutex\ParallelProgramming.Mutex1.csproj", "{09644648-FEDE-4142-83B9-1E6E27CD8258}"
EndProject
Project("{FAE04EC0-301F-11D3-BF4B-00C04F79EFBC}") = "ParallelProgramming.Mutex2", "ParallelProgramming.Mutex2\ParallelProgramming.Mutex2.csproj", "{975AE719-0DDA-4C15-BD03-7A301ABE4206}"
EndProject
Project("{FAE04EC0-301F-11D3-BF4B-00C04F79EFBC}") = "ParallelProgramming.LockSlim", "ParallelProgramming.LockSlim\ParallelProgramming.LockSlim.csproj", "{317196B5-C3F6-4C98-84E4-35E31836B529}"
EndProject
Project("{2150E333-8FDC-42A3-9474-1A3956D46DE8}") = "3", "3", "{0F57FCB8-1B7C-435E-A8F7-AB75C37F8912}"
EndProject
Project("{FAE04EC0-301F-11D3-BF4B-00C04F79EFBC}") = "ParallelProgramming.ConcurentDicts", "ParallelProgramming.ConcurentDicts\ParallelProgramming.ConcurentDicts.csproj", "{4C9E8BEC-1A4B-4DF4-AD70-DF5DB14E751E}"
EndProject
Project("{FAE04EC0-301F-11D3-BF4B-00C04F79EFBC}") = "ParallelProgramming.ConcurentQueuee", "ParallelProgramming.ConcurentQueue\ParallelProgramming.ConcurentQueuee.csproj", "{75014AFA-BFDE-486C-AC24-2F3F5C9ADC5B}"
EndProject
Project("{FAE04EC0-301F-11D3-BF4B-00C04F79EFBC}") = "ParallelProgramming.ConcurentStackk", "ParallelProgramming.ConcurentStackk\ParallelProgramming.ConcurentStackk.csproj", "{55DAB22B-4587-434D-AFFE-727E49492542}"
EndProject
Project("{FAE04EC0-301F-11D3-BF4B-00C04F79EFBC}") = "ParallelProgramming.ConcurentBagg", "ParallelProgramming.ConcurentBagg\ParallelProgramming.ConcurentBagg.csproj", "{E5E598EA-6915-4C11-BAF0-D673E224833C}"
EndProject
Project("{FAE04EC0-301F-11D3-BF4B-00C04F79EFBC}") = "ParallelProgramming.ProducerConsumer", "ParallelProgramming.ProducerConsumer\ParallelProgramming.ProducerConsumer.csproj", "{6BFF32D2-B28C-44CD-98B3-65024940BD01}"
EndProject
Project("{2150E333-8FDC-42A3-9474-1A3956D46DE8}") = "4", "4", "{D5596B85-C673-4C61-9A59-53FB33AB3098}"
EndProject
Project("{FAE04EC0-301F-11D3-BF4B-00C04F79EFBC}") = "ParallelProgramming.Continuations", "ParallelProgramming.Continuations\ParallelProgramming.Continuations.csproj", "{8CBFCD77-A829-433C-AA1C-2A9C675B69D5}"
EndProject
Project("{FAE04EC0-301F-11D3-BF4B-00C04F79EFBC}") = "ParallelProgramming.ChildTasks", "ParallelProgramming.ChildTasks\ParallelProgramming.ChildTasks.csproj", "{3B8FDD1A-A42A-43A2-84FB-B4A8B622304B}"
EndProject
Project("{FAE04EC0-301F-11D3-BF4B-00C04F79EFBC}") = "ParallelProgramming.Barrierr", "ParallelProgramming.Barrierr\ParallelProgramming.Barrierr.csproj", "{E02FE146-7D6D-4367-8CF8-7D6F1C257CC1}"
EndProject
Project("{FAE04EC0-301F-11D3-BF4B-00C04F79EFBC}") = "ParallelProgramming.CountDownn", "ParallelProgramming.CountDownn\ParallelProgramming.CountDownn.csproj", "{F78AFF31-FA7C-42E0-96EE-D8DC27E24D94}"
EndProject
Project("{FAE04EC0-301F-11D3-BF4B-00C04F79EFBC}") = "ParallelProgramming.ManualAndAutoResetEvent", "ParallelProgramming.ManualAndAutoResetEvent\ParallelProgramming.ManualAndAutoResetEvent.csproj", "{92D3460C-C1A3-487E-A751-4A3D9AE44A56}"
EndProject
Project("{FAE04EC0-301F-11D3-BF4B-00C04F79EFBC}") = "ParallelProgramming.Semaphores", "ParallelProgramming.Semapthores\ParallelProgramming.Semaphores.csproj", "{76BCEBE2-C52F-45DF-A345-1F3AE664E57D}"
EndProject
Global
	GlobalSection(SolutionConfigurationPlatforms) = preSolution
		Debug|Any CPU = Debug|Any CPU
		Release|Any CPU = Release|Any CPU
	EndGlobalSection
	GlobalSection(ProjectConfigurationPlatforms) = postSolution
		{5A833253-076C-4949-89F9-E4DADBAADD44}.Debug|Any CPU.ActiveCfg = Debug|Any CPU
		{5A833253-076C-4949-89F9-E4DADBAADD44}.Debug|Any CPU.Build.0 = Debug|Any CPU
		{5A833253-076C-4949-89F9-E4DADBAADD44}.Release|Any CPU.ActiveCfg = Release|Any CPU
		{5A833253-076C-4949-89F9-E4DADBAADD44}.Release|Any CPU.Build.0 = Release|Any CPU
		{18C48995-ECEE-476D-AC1D-2D25FECFE29D}.Debug|Any CPU.ActiveCfg = Debug|Any CPU
		{18C48995-ECEE-476D-AC1D-2D25FECFE29D}.Debug|Any CPU.Build.0 = Debug|Any CPU
		{18C48995-ECEE-476D-AC1D-2D25FECFE29D}.Release|Any CPU.ActiveCfg = Release|Any CPU
		{18C48995-ECEE-476D-AC1D-2D25FECFE29D}.Release|Any CPU.Build.0 = Release|Any CPU
		{F4A17C93-83CD-4383-9F81-E0CAB16601AA}.Debug|Any CPU.ActiveCfg = Debug|Any CPU
		{F4A17C93-83CD-4383-9F81-E0CAB16601AA}.Debug|Any CPU.Build.0 = Debug|Any CPU
		{F4A17C93-83CD-4383-9F81-E0CAB16601AA}.Release|Any CPU.ActiveCfg = Release|Any CPU
		{F4A17C93-83CD-4383-9F81-E0CAB16601AA}.Release|Any CPU.Build.0 = Release|Any CPU
		{35392881-7358-44C5-B048-738136591FAB}.Debug|Any CPU.ActiveCfg = Debug|Any CPU
		{35392881-7358-44C5-B048-738136591FAB}.Debug|Any CPU.Build.0 = Debug|Any CPU
		{35392881-7358-44C5-B048-738136591FAB}.Release|Any CPU.ActiveCfg = Release|Any CPU
		{35392881-7358-44C5-B048-738136591FAB}.Release|Any CPU.Build.0 = Release|Any CPU
		{91811AA7-07E0-410D-9E13-86C11D8B23CA}.Debug|Any CPU.ActiveCfg = Debug|Any CPU
		{91811AA7-07E0-410D-9E13-86C11D8B23CA}.Debug|Any CPU.Build.0 = Debug|Any CPU
		{91811AA7-07E0-410D-9E13-86C11D8B23CA}.Release|Any CPU.ActiveCfg = Release|Any CPU
		{91811AA7-07E0-410D-9E13-86C11D8B23CA}.Release|Any CPU.Build.0 = Release|Any CPU
		{BE1F7289-317C-4080-85D7-B445AB722485}.Debug|Any CPU.ActiveCfg = Debug|Any CPU
		{BE1F7289-317C-4080-85D7-B445AB722485}.Debug|Any CPU.Build.0 = Debug|Any CPU
		{BE1F7289-317C-4080-85D7-B445AB722485}.Release|Any CPU.ActiveCfg = Release|Any CPU
		{BE1F7289-317C-4080-85D7-B445AB722485}.Release|Any CPU.Build.0 = Release|Any CPU
		{70044484-93B9-437D-A7A6-7617E2F863CD}.Debug|Any CPU.ActiveCfg = Debug|Any CPU
		{70044484-93B9-437D-A7A6-7617E2F863CD}.Debug|Any CPU.Build.0 = Debug|Any CPU
		{70044484-93B9-437D-A7A6-7617E2F863CD}.Release|Any CPU.ActiveCfg = Release|Any CPU
		{70044484-93B9-437D-A7A6-7617E2F863CD}.Release|Any CPU.Build.0 = Release|Any CPU
		{DBB566C2-624E-4B9A-810A-83BE8342EB7B}.Debug|Any CPU.ActiveCfg = Debug|Any CPU
		{DBB566C2-624E-4B9A-810A-83BE8342EB7B}.Debug|Any CPU.Build.0 = Debug|Any CPU
		{DBB566C2-624E-4B9A-810A-83BE8342EB7B}.Release|Any CPU.ActiveCfg = Release|Any CPU
		{DBB566C2-624E-4B9A-810A-83BE8342EB7B}.Release|Any CPU.Build.0 = Release|Any CPU
		{09644648-FEDE-4142-83B9-1E6E27CD8258}.Debug|Any CPU.ActiveCfg = Debug|Any CPU
		{09644648-FEDE-4142-83B9-1E6E27CD8258}.Debug|Any CPU.Build.0 = Debug|Any CPU
		{09644648-FEDE-4142-83B9-1E6E27CD8258}.Release|Any CPU.ActiveCfg = Release|Any CPU
		{09644648-FEDE-4142-83B9-1E6E27CD8258}.Release|Any CPU.Build.0 = Release|Any CPU
		{975AE719-0DDA-4C15-BD03-7A301ABE4206}.Debug|Any CPU.ActiveCfg = Debug|Any CPU
		{975AE719-0DDA-4C15-BD03-7A301ABE4206}.Debug|Any CPU.Build.0 = Debug|Any CPU
		{975AE719-0DDA-4C15-BD03-7A301ABE4206}.Release|Any CPU.ActiveCfg = Release|Any CPU
		{975AE719-0DDA-4C15-BD03-7A301ABE4206}.Release|Any CPU.Build.0 = Release|Any CPU
		{317196B5-C3F6-4C98-84E4-35E31836B529}.Debug|Any CPU.ActiveCfg = Debug|Any CPU
		{317196B5-C3F6-4C98-84E4-35E31836B529}.Debug|Any CPU.Build.0 = Debug|Any CPU
		{317196B5-C3F6-4C98-84E4-35E31836B529}.Release|Any CPU.ActiveCfg = Release|Any CPU
		{317196B5-C3F6-4C98-84E4-35E31836B529}.Release|Any CPU.Build.0 = Release|Any CPU
		{4C9E8BEC-1A4B-4DF4-AD70-DF5DB14E751E}.Debug|Any CPU.ActiveCfg = Debug|Any CPU
		{4C9E8BEC-1A4B-4DF4-AD70-DF5DB14E751E}.Debug|Any CPU.Build.0 = Debug|Any CPU
		{4C9E8BEC-1A4B-4DF4-AD70-DF5DB14E751E}.Release|Any CPU.ActiveCfg = Release|Any CPU
		{4C9E8BEC-1A4B-4DF4-AD70-DF5DB14E751E}.Release|Any CPU.Build.0 = Release|Any CPU
		{75014AFA-BFDE-486C-AC24-2F3F5C9ADC5B}.Debug|Any CPU.ActiveCfg = Debug|Any CPU
		{75014AFA-BFDE-486C-AC24-2F3F5C9ADC5B}.Debug|Any CPU.Build.0 = Debug|Any CPU
		{75014AFA-BFDE-486C-AC24-2F3F5C9ADC5B}.Release|Any CPU.ActiveCfg = Release|Any CPU
		{75014AFA-BFDE-486C-AC24-2F3F5C9ADC5B}.Release|Any CPU.Build.0 = Release|Any CPU
		{55DAB22B-4587-434D-AFFE-727E49492542}.Debug|Any CPU.ActiveCfg = Debug|Any CPU
		{55DAB22B-4587-434D-AFFE-727E49492542}.Debug|Any CPU.Build.0 = Debug|Any CPU
		{55DAB22B-4587-434D-AFFE-727E49492542}.Release|Any CPU.ActiveCfg = Release|Any CPU
		{55DAB22B-4587-434D-AFFE-727E49492542}.Release|Any CPU.Build.0 = Release|Any CPU
		{E5E598EA-6915-4C11-BAF0-D673E224833C}.Debug|Any CPU.ActiveCfg = Debug|Any CPU
		{E5E598EA-6915-4C11-BAF0-D673E224833C}.Debug|Any CPU.Build.0 = Debug|Any CPU
		{E5E598EA-6915-4C11-BAF0-D673E224833C}.Release|Any CPU.ActiveCfg = Release|Any CPU
		{E5E598EA-6915-4C11-BAF0-D673E224833C}.Release|Any CPU.Build.0 = Release|Any CPU
		{6BFF32D2-B28C-44CD-98B3-65024940BD01}.Debug|Any CPU.ActiveCfg = Debug|Any CPU
		{6BFF32D2-B28C-44CD-98B3-65024940BD01}.Debug|Any CPU.Build.0 = Debug|Any CPU
		{6BFF32D2-B28C-44CD-98B3-65024940BD01}.Release|Any CPU.ActiveCfg = Release|Any CPU
		{6BFF32D2-B28C-44CD-98B3-65024940BD01}.Release|Any CPU.Build.0 = Release|Any CPU
		{8CBFCD77-A829-433C-AA1C-2A9C675B69D5}.Debug|Any CPU.ActiveCfg = Debug|Any CPU
		{8CBFCD77-A829-433C-AA1C-2A9C675B69D5}.Debug|Any CPU.Build.0 = Debug|Any CPU
		{8CBFCD77-A829-433C-AA1C-2A9C675B69D5}.Release|Any CPU.ActiveCfg = Release|Any CPU
		{8CBFCD77-A829-433C-AA1C-2A9C675B69D5}.Release|Any CPU.Build.0 = Release|Any CPU
		{3B8FDD1A-A42A-43A2-84FB-B4A8B622304B}.Debug|Any CPU.ActiveCfg = Debug|Any CPU
		{3B8FDD1A-A42A-43A2-84FB-B4A8B622304B}.Debug|Any CPU.Build.0 = Debug|Any CPU
		{3B8FDD1A-A42A-43A2-84FB-B4A8B622304B}.Release|Any CPU.ActiveCfg = Release|Any CPU
		{3B8FDD1A-A42A-43A2-84FB-B4A8B622304B}.Release|Any CPU.Build.0 = Release|Any CPU
		{E02FE146-7D6D-4367-8CF8-7D6F1C257CC1}.Debug|Any CPU.ActiveCfg = Debug|Any CPU
		{E02FE146-7D6D-4367-8CF8-7D6F1C257CC1}.Debug|Any CPU.Build.0 = Debug|Any CPU
		{E02FE146-7D6D-4367-8CF8-7D6F1C257CC1}.Release|Any CPU.ActiveCfg = Release|Any CPU
		{E02FE146-7D6D-4367-8CF8-7D6F1C257CC1}.Release|Any CPU.Build.0 = Release|Any CPU
		{F78AFF31-FA7C-42E0-96EE-D8DC27E24D94}.Debug|Any CPU.ActiveCfg = Debug|Any CPU
		{F78AFF31-FA7C-42E0-96EE-D8DC27E24D94}.Debug|Any CPU.Build.0 = Debug|Any CPU
		{F78AFF31-FA7C-42E0-96EE-D8DC27E24D94}.Release|Any CPU.ActiveCfg = Release|Any CPU
		{F78AFF31-FA7C-42E0-96EE-D8DC27E24D94}.Release|Any CPU.Build.0 = Release|Any CPU
		{92D3460C-C1A3-487E-A751-4A3D9AE44A56}.Debug|Any CPU.ActiveCfg = Debug|Any CPU
		{92D3460C-C1A3-487E-A751-4A3D9AE44A56}.Debug|Any CPU.Build.0 = Debug|Any CPU
		{92D3460C-C1A3-487E-A751-4A3D9AE44A56}.Release|Any CPU.ActiveCfg = Release|Any CPU
		{92D3460C-C1A3-487E-A751-4A3D9AE44A56}.Release|Any CPU.Build.0 = Release|Any CPU
		{76BCEBE2-C52F-45DF-A345-1F3AE664E57D}.Debug|Any CPU.ActiveCfg = Debug|Any CPU
		{76BCEBE2-C52F-45DF-A345-1F3AE664E57D}.Debug|Any CPU.Build.0 = Debug|Any CPU
		{76BCEBE2-C52F-45DF-A345-1F3AE664E57D}.Release|Any CPU.ActiveCfg = Release|Any CPU
		{76BCEBE2-C52F-45DF-A345-1F3AE664E57D}.Release|Any CPU.Build.0 = Release|Any CPU
	EndGlobalSection
	GlobalSection(SolutionProperties) = preSolution
		HideSolutionNode = FALSE
	EndGlobalSection
	GlobalSection(NestedProjects) = preSolution
		{5A833253-076C-4949-89F9-E4DADBAADD44} = {458E496D-6F90-40B1-8EEF-129B6CC1665F}
		{18C48995-ECEE-476D-AC1D-2D25FECFE29D} = {458E496D-6F90-40B1-8EEF-129B6CC1665F}
		{F4A17C93-83CD-4383-9F81-E0CAB16601AA} = {458E496D-6F90-40B1-8EEF-129B6CC1665F}
		{35392881-7358-44C5-B048-738136591FAB} = {458E496D-6F90-40B1-8EEF-129B6CC1665F}
		{91811AA7-07E0-410D-9E13-86C11D8B23CA} = {458E496D-6F90-40B1-8EEF-129B6CC1665F}
		{BE1F7289-317C-4080-85D7-B445AB722485} = {458E496D-6F90-40B1-8EEF-129B6CC1665F}
		{70044484-93B9-437D-A7A6-7617E2F863CD} = {3A4E13D5-C6F9-4053-AF3A-87D469017854}
		{DBB566C2-624E-4B9A-810A-83BE8342EB7B} = {3A4E13D5-C6F9-4053-AF3A-87D469017854}
		{09644648-FEDE-4142-83B9-1E6E27CD8258} = {3A4E13D5-C6F9-4053-AF3A-87D469017854}
		{975AE719-0DDA-4C15-BD03-7A301ABE4206} = {3A4E13D5-C6F9-4053-AF3A-87D469017854}
		{317196B5-C3F6-4C98-84E4-35E31836B529} = {3A4E13D5-C6F9-4053-AF3A-87D469017854}
		{4C9E8BEC-1A4B-4DF4-AD70-DF5DB14E751E} = {0F57FCB8-1B7C-435E-A8F7-AB75C37F8912}
		{75014AFA-BFDE-486C-AC24-2F3F5C9ADC5B} = {0F57FCB8-1B7C-435E-A8F7-AB75C37F8912}
		{55DAB22B-4587-434D-AFFE-727E49492542} = {0F57FCB8-1B7C-435E-A8F7-AB75C37F8912}
		{E5E598EA-6915-4C11-BAF0-D673E224833C} = {0F57FCB8-1B7C-435E-A8F7-AB75C37F8912}
		{6BFF32D2-B28C-44CD-98B3-65024940BD01} = {0F57FCB8-1B7C-435E-A8F7-AB75C37F8912}
		{8CBFCD77-A829-433C-AA1C-2A9C675B69D5} = {D5596B85-C673-4C61-9A59-53FB33AB3098}
		{3B8FDD1A-A42A-43A2-84FB-B4A8B622304B} = {D5596B85-C673-4C61-9A59-53FB33AB3098}
		{E02FE146-7D6D-4367-8CF8-7D6F1C257CC1} = {D5596B85-C673-4C61-9A59-53FB33AB3098}
		{F78AFF31-FA7C-42E0-96EE-D8DC27E24D94} = {D5596B85-C673-4C61-9A59-53FB33AB3098}
		{92D3460C-C1A3-487E-A751-4A3D9AE44A56} = {D5596B85-C673-4C61-9A59-53FB33AB3098}
		{76BCEBE2-C52F-45DF-A345-1F3AE664E57D} = {D5596B85-C673-4C61-9A59-53FB33AB3098}
	EndGlobalSection
	GlobalSection(ExtensibilityGlobals) = postSolution
		SolutionGuid = {FAB15D68-31A1-4BE4-B06D-C902CDB05FB8}
	EndGlobalSection
EndGlobal
